// !$*UTF8*$!
{
	archiveVersion = 1;
	classes = {
	};
	objectVersion = 50;
	objects = {

/* Begin PBXBuildFile section */
		EE66715D24D49467002752E8 /* AppDelegate.swift in Sources */ = {isa = PBXBuildFile; fileRef = EE66715C24D49467002752E8 /* AppDelegate.swift */; };
		EE66715F24D49467002752E8 /* SceneDelegate.swift in Sources */ = {isa = PBXBuildFile; fileRef = EE66715E24D49467002752E8 /* SceneDelegate.swift */; };
		EE66716124D49467002752E8 /* OnboardingController.swift in Sources */ = {isa = PBXBuildFile; fileRef = EE66716024D49467002752E8 /* OnboardingController.swift */; };
		EE66716424D49467002752E8 /* Main.storyboard in Resources */ = {isa = PBXBuildFile; fileRef = EE66716224D49467002752E8 /* Main.storyboard */; };
		EE66716624D49469002752E8 /* Assets.xcassets in Resources */ = {isa = PBXBuildFile; fileRef = EE66716524D49469002752E8 /* Assets.xcassets */; };
		EE66716924D49469002752E8 /* LaunchScreen.storyboard in Resources */ = {isa = PBXBuildFile; fileRef = EE66716724D49469002752E8 /* LaunchScreen.storyboard */; };
		EE66717224D4A3CE002752E8 /* OnboardingItem.swift in Sources */ = {isa = PBXBuildFile; fileRef = EE66717124D4A3CE002752E8 /* OnboardingItem.swift */; };
/* End PBXBuildFile section */

/* Begin PBXFileReference section */
		EE66715924D49467002752E8 /* onboarding-travel-app.app */ = {isa = PBXFileReference; explicitFileType = wrapper.application; includeInIndex = 0; path = "onboarding-travel-app.app"; sourceTree = BUILT_PRODUCTS_DIR; };
		EE66715C24D49467002752E8 /* AppDelegate.swift */ = {isa = PBXFileReference; lastKnownFileType = sourcecode.swift; path = AppDelegate.swift; sourceTree = "<group>"; };
		EE66715E24D49467002752E8 /* SceneDelegate.swift */ = {isa = PBXFileReference; lastKnownFileType = sourcecode.swift; path = SceneDelegate.swift; sourceTree = "<group>"; };
		EE66716024D49467002752E8 /* OnboardingController.swift */ = {isa = PBXFileReference; lastKnownFileType = sourcecode.swift; path = OnboardingController.swift; sourceTree = "<group>"; };
		EE66716324D49467002752E8 /* Base */ = {isa = PBXFileReference; lastKnownFileType = file.storyboard; name = Base; path = Base.lproj/Main.storyboard; sourceTree = "<group>"; };
		EE66716524D49469002752E8 /* Assets.xcassets */ = {isa = PBXFileReference; lastKnownFileType = folder.assetcatalog; path = Assets.xcassets; sourceTree = "<group>"; };
		EE66716824D49469002752E8 /* Base */ = {isa = PBXFileReference; lastKnownFileType = file.storyboard; name = Base; path = Base.lproj/LaunchScreen.storyboard; sourceTree = "<group>"; };
		EE66716A24D49469002752E8 /* Info.plist */ = {isa = PBXFileReference; lastKnownFileType = text.plist.xml; path = Info.plist; sourceTree = "<group>"; };
		EE66717124D4A3CE002752E8 /* OnboardingItem.swift */ = {isa = PBXFileReference; lastKnownFileType = sourcecode.swift; path = OnboardingItem.swift; sourceTree = "<group>"; };
/* End PBXFileReference section */

/* Begin PBXFrameworksBuildPhase section */
		EE66715624D49467002752E8 /* Frameworks */ = {
			isa = PBXFrameworksBuildPhase;
			buildActionMask = 2147483647;
			files = (
			);
			runOnlyForDeploymentPostprocessing = 0;
		};
/* End PBXFrameworksBuildPhase section */

/* Begin PBXGroup section */
		EE66715024D49467002752E8 = {
			isa = PBXGroup;
			children = (
				EE66715B24D49467002752E8 /* onboarding-travel-app */,
				EE66715A24D49467002752E8 /* Products */,
			);
			sourceTree = "<group>";
		};
		EE66715A24D49467002752E8 /* Products */ = {
			isa = PBXGroup;
			children = (
				EE66715924D49467002752E8 /* onboarding-travel-app.app */,
			);
			name = Products;
			sourceTree = "<group>";
		};
		EE66715B24D49467002752E8 /* onboarding-travel-app */ = {
			isa = PBXGroup;
			children = (
				EE66717324D4A411002752E8 /* Controller */,
				EE66717024D4A3BB002752E8 /* Model */,
				EE66715C24D49467002752E8 /* AppDelegate.swift */,
				EE66715E24D49467002752E8 /* SceneDelegate.swift */,
				EE66716224D49467002752E8 /* Main.storyboard */,
				EE66716524D49469002752E8 /* Assets.xcassets */,
				EE66716724D49469002752E8 /* LaunchScreen.storyboard */,
				EE66716A24D49469002752E8 /* Info.plist */,
			);
			path = "onboarding-travel-app";
			sourceTree = "<group>";
		};
		EE66717024D4A3BB002752E8 /* Model */ = {
			isa = PBXGroup;
			children = (
				EE66717124D4A3CE002752E8 /* OnboardingItem.swift */,
			);
			path = Model;
			sourceTree = "<group>";
		};
		EE66717324D4A411002752E8 /* Controller */ = {
			isa = PBXGroup;
			children = (
				EE66716024D49467002752E8 /* OnboardingController.swift */,
			);
			path = Controller;
			sourceTree = "<group>";
		};
/* End PBXGroup section */

/* Begin PBXNativeTarget section */
		EE66715824D49467002752E8 /* onboarding-travel-app */ = {
			isa = PBXNativeTarget;
			buildConfigurationList = EE66716D24D49469002752E8 /* Build configuration list for PBXNativeTarget "onboarding-travel-app" */;
			buildPhases = (
				EE66715524D49467002752E8 /* Sources */,
				EE66715624D49467002752E8 /* Frameworks */,
				EE66715724D49467002752E8 /* Resources */,
			);
			buildRules = (
			);
			dependencies = (
			);
			name = "onboarding-travel-app";
			productName = "onboarding-travel-app";
			productReference = EE66715924D49467002752E8 /* onboarding-travel-app.app */;
			productType = "com.apple.product-type.application";
		};
/* End PBXNativeTarget section */

/* Begin PBXProject section */
		EE66715124D49467002752E8 /* Project object */ = {
			isa = PBXProject;
			attributes = {
				LastSwiftUpdateCheck = 1150;
				LastUpgradeCheck = 1150;
				ORGANIZATIONNAME = "Apurva Deshmukh";
				TargetAttributes = {
					EE66715824D49467002752E8 = {
						CreatedOnToolsVersion = 11.5;
					};
				};
			};
			buildConfigurationList = EE66715424D49467002752E8 /* Build configuration list for PBXProject "onboarding-travel-app" */;
			compatibilityVersion = "Xcode 9.3";
			developmentRegion = en;
			hasScannedForEncodings = 0;
			knownRegions = (
				en,
				Base,
			);
			mainGroup = EE66715024D49467002752E8;
			productRefGroup = EE66715A24D49467002752E8 /* Products */;
			projectDirPath = "";
			projectRoot = "";
			targets = (
				EE66715824D49467002752E8 /* onboarding-travel-app */,
			);
		};
/* End PBXProject section */

/* Begin PBXResourcesBuildPhase section */
		EE66715724D49467002752E8 /* Resources */ = {
			isa = PBXResourcesBuildPhase;
			buildActionMask = 2147483647;
			files = (
				EE66716924D49469002752E8 /* LaunchScreen.storyboard in Resources */,
				EE66716624D49469002752E8 /* Assets.xcassets in Resources */,
				EE66716424D49467002752E8 /* Main.storyboard in Resources */,
			);
			runOnlyForDeploymentPostprocessing = 0;
		};
/* End PBXResourcesBuildPhase section */

/* Begin PBXSourcesBuildPhase section */
		EE66715524D49467002752E8 /* Sources */ = {
			isa = PBXSourcesBuildPhase;
			buildActionMask = 2147483647;
			files = (
				EE66716124D49467002752E8 /* OnboardingController.swift in Sources */,
				EE66717224D4A3CE002752E8 /* OnboardingItem.swift in Sources */,
				EE66715D24D49467002752E8 /* AppDelegate.swift in Sources */,
				EE66715F24D49467002752E8 /* SceneDelegate.swift in Sources */,
			);
			runOnlyForDeploymentPostprocessing = 0;
		};
/* End PBXSourcesBuildPhase section */

/* Begin PBXVariantGroup section */
		EE66716224D49467002752E8 /* Main.storyboard */ = {
			isa = PBXVariantGroup;
			children = (
				EE66716324D49467002752E8 /* Base */,
			);
			name = Main.storyboard;
			sourceTree = "<group>";
		};
		EE66716724D49469002752E8 /* LaunchScreen.storyboard */ = {
			isa = PBXVariantGroup;
			children = (
				EE66716824D49469002752E8 /* Base */,
			);
			name = LaunchScreen.storyboard;
			sourceTree = "<group>";
		};
/* End PBXVariantGroup section */

/* Begin XCBuildConfiguration section */
		EE66716B24D49469002752E8 /* Debug */ = {
			isa = XCBuildConfiguration;
			buildSettings = {
				ALWAYS_SEARCH_USER_PATHS = NO;
				CLANG_ANALYZER_NONNULL = YES;
				CLANG_ANALYZER_NUMBER_OBJECT_CONVERSION = YES_AGGRESSIVE;
				CLANG_CXX_LANGUAGE_STANDARD = "gnu++14";
				CLANG_CXX_LIBRARY = "libc++";
				CLANG_ENABLE_MODULES = YES;
				CLANG_ENABLE_OBJC_ARC = YES;
				CLANG_ENABLE_OBJC_WEAK = YES;
				CLANG_WARN_BLOCK_CAPTURE_AUTORELEASING = YES;
				CLANG_WARN_BOOL_CONVERSION = YES;
				CLANG_WARN_COMMA = YES;
				CLANG_WARN_CONSTANT_CONVERSION = YES;
				CLANG_WARN_DEPRECATED_OBJC_IMPLEMENTATIONS = YES;
				CLANG_WARN_DIRECT_OBJC_ISA_USAGE = YES_ERROR;
				CLANG_WARN_DOCUMENTATION_COMMENTS = YES;
				CLANG_WARN_EMPTY_BODY = YES;
				CLANG_WARN_ENUM_CONVERSION = YES;
				CLANG_WARN_INFINITE_RECURSION = YES;
				CLANG_WARN_INT_CONVERSION = YES;
				CLANG_WARN_NON_LITERAL_NULL_CONVERSION = YES;
				CLANG_WARN_OBJC_IMPLICIT_RETAIN_SELF = YES;
				CLANG_WARN_OBJC_LITERAL_CONVERSION = YES;
				CLANG_WARN_OBJC_ROOT_CLASS = YES_ERROR;
				CLANG_WARN_RANGE_LOOP_ANALYSIS = YES;
				CLANG_WARN_STRICT_PROTOTYPES = YES;
				CLANG_WARN_SUSPICIOUS_MOVE = YES;
				CLANG_WARN_UNGUARDED_AVAILABILITY = YES_AGGRESSIVE;
				CLANG_WARN_UNREACHABLE_CODE = YES;
				CLANG_WARN__DUPLICATE_METHOD_MATCH = YES;
				COPY_PHASE_STRIP = NO;
				DEBUG_INFORMATION_FORMAT = dwarf;
				ENABLE_STRICT_OBJC_MSGSEND = YES;
				ENABLE_TESTABILITY = YES;
				GCC_C_LANGUAGE_STANDARD = gnu11;
				GCC_DYNAMIC_NO_PIC = NO;
				GCC_NO_COMMON_BLOCKS = YES;
				GCC_OPTIMIZATION_LEVEL = 0;
				GCC_PREPROCESSOR_DEFINITIONS = (
					"DEBUG=1",
					"$(inherited)",
				);
				GCC_WARN_64_TO_32_BIT_CONVERSION = YES;
				GCC_WARN_ABOUT_RETURN_TYPE = YES_ERROR;
				GCC_WARN_UNDECLARED_SELECTOR = YES;
				GCC_WARN_UNINITIALIZED_AUTOS = YES_AGGRESSIVE;
				GCC_WARN_UNUSED_FUNCTION = YES;
				GCC_WARN_UNUSED_VARIABLE = YES;
				IPHONEOS_DEPLOYMENT_TARGET = 13.5;
				MTL_ENABLE_DEBUG_INFO = INCLUDE_SOURCE;
				MTL_FAST_MATH = YES;
				ONLY_ACTIVE_ARCH = YES;
				SDKROOT = iphoneos;
				SWIFT_ACTIVE_COMPILATION_CONDITIONS = DEBUG;
				SWIFT_OPTIMIZATION_LEVEL = "-Onone";
			};
			name = Debug;
		};
		EE66716C24D49469002752E8 /* Release */ = {
			isa = XCBuildConfiguration;
			buildSettings = {
				ALWAYS_SEARCH_USER_PATHS = NO;
				CLANG_ANALYZER_NONNULL = YES;
				CLANG_ANALYZER_NUMBER_OBJECT_CONVERSION = YES_AGGRESSIVE;
				CLANG_CXX_LANGUAGE_STANDARD = "gnu++14";
				CLANG_CXX_LIBRARY = "libc++";
				CLANG_ENABLE_MODULES = YES;
				CLANG_ENABLE_OBJC_ARC = YES;
				CLANG_ENABLE_OBJC_WEAK = YES;
				CLANG_WARN_BLOCK_CAPTURE_AUTORELEASING = YES;
				CLANG_WARN_BOOL_CONVERSION = YES;
				CLANG_WARN_COMMA = YES;
				CLANG_WARN_CONSTANT_CONVERSION = YES;
				CLANG_WARN_DEPRECATED_OBJC_IMPLEMENTATIONS = YES;
				CLANG_WARN_DIRECT_OBJC_ISA_USAGE = YES_ERROR;
				CLANG_WARN_DOCUMENTATION_COMMENTS = YES;
				CLANG_WARN_EMPTY_BODY = YES;
				CLANG_WARN_ENUM_CONVERSION = YES;
				CLANG_WARN_INFINITE_RECURSION = YES;
				CLANG_WARN_INT_CONVERSION = YES;
				CLANG_WARN_NON_LITERAL_NULL_CONVERSION = YES;
				CLANG_WARN_OBJC_IMPLICIT_RETAIN_SELF = YES;
				CLANG_WARN_OBJC_LITERAL_CONVERSION = YES;
				CLANG_WARN_OBJC_ROOT_CLASS = YES_ERROR;
				CLANG_WARN_RANGE_LOOP_ANALYSIS = YES;
				CLANG_WARN_STRICT_PROTOTYPES = YES;
				CLANG_WARN_SUSPICIOUS_MOVE = YES;
				CLANG_WARN_UNGUARDED_AVAILABILITY = YES_AGGRESSIVE;
				CLANG_WARN_UNREACHABLE_CODE = YES;
				CLANG_WARN__DUPLICATE_METHOD_MATCH = YES;
				COPY_PHASE_STRIP = NO;
				DEBUG_INFORMATION_FORMAT = "dwarf-with-dsym";
				ENABLE_NS_ASSERTIONS = NO;
				ENABLE_STRICT_OBJC_MSGSEND = YES;
				GCC_C_LANGUAGE_STANDARD = gnu11;
				GCC_NO_COMMON_BLOCKS = YES;
				GCC_WARN_64_TO_32_BIT_CONVERSION = YES;
				GCC_WARN_ABOUT_RETURN_TYPE = YES_ERROR;
				GCC_WARN_UNDECLARED_SELECTOR = YES;
				GCC_WARN_UNINITIALIZED_AUTOS = YES_AGGRESSIVE;
				GCC_WARN_UNUSED_FUNCTION = YES;
				GCC_WARN_UNUSED_VARIABLE = YES;
				IPHONEOS_DEPLOYMENT_TARGET = 13.5;
				MTL_ENABLE_DEBUG_INFO = NO;
				MTL_FAST_MATH = YES;
				SDKROOT = iphoneos;
				SWIFT_COMPILATION_MODE = wholemodule;
				SWIFT_OPTIMIZATION_LEVEL = "-O";
				VALIDATE_PRODUCT = YES;
			};
			name = Release;
		};
		EE66716E24D49469002752E8 /* Debug */ = {
			isa = XCBuildConfiguration;
			buildSettings = {
				ASSETCATALOG_COMPILER_APPICON_NAME = AppIcon;
				CODE_SIGN_STYLE = Automatic;
				DEVELOPMENT_TEAM = 28TYCU28PG;
				INFOPLIST_FILE = "onboarding-travel-app/Info.plist";
				LD_RUNPATH_SEARCH_PATHS = (
					"$(inherited)",
					"@executable_path/Frameworks",
				);
				PRODUCT_BUNDLE_IDENTIFIER = "com.apurvadeshmukh.onboarding-travel-app";
				PRODUCT_NAME = "$(TARGET_NAME)";
				SWIFT_VERSION = 5.0;
				TARGETED_DEVICE_FAMILY = "1,2";
			};
			name = Debug;
		};
		EE66716F24D49469002752E8 /* Release */ = {
			isa = XCBuildConfiguration;
			buildSettings = {
				ASSETCATALOG_COMPILER_APPICON_NAME = AppIcon;
				CODE_SIGN_STYLE = Automatic;
				DEVELOPMENT_TEAM = 28TYCU28PG;
				INFOPLIST_FILE = "onboarding-travel-app/Info.plist";
				LD_RUNPATH_SEARCH_PATHS = (
					"$(inherited)",
					"@executable_path/Frameworks",
				);
				PRODUCT_BUNDLE_IDENTIFIER = "com.apurvadeshmukh.onboarding-travel-app";
				PRODUCT_NAME = "$(TARGET_NAME)";
				SWIFT_VERSION = 5.0;
				TARGETED_DEVICE_FAMILY = "1,2";
			};
			name = Release;
		};
/* End XCBuildConfiguration section */

/* Begin XCConfigurationList section */
		EE66715424D49467002752E8 /* Build configuration list for PBXProject "onboarding-travel-app" */ = {
			isa = XCConfigurationList;
			buildConfigurations = (
				EE66716B24D49469002752E8 /* Debug */,
				EE66716C24D49469002752E8 /* Release */,
			);
			defaultConfigurationIsVisible = 0;
			defaultConfigurationName = Release;
		};
		EE66716D24D49469002752E8 /* Build configuration list for PBXNativeTarget "onboarding-travel-app" */ = {
			isa = XCConfigurationList;
			buildConfigurations = (
				EE66716E24D49469002752E8 /* Debug */,
				EE66716F24D49469002752E8 /* Release */,
			);
			defaultConfigurationIsVisible = 0;
			defaultConfigurationName = Release;
		};
/* End XCConfigurationList section */
	};
	rootObject = EE66715124D49467002752E8 /* Project object */;
}
